
Microsoft Visual Studio Solution File, Format Version 12.00
# Visual Studio Version 17
VisualStudioVersion = 17.3.32922.545
MinimumVisualStudioVersion = 10.0.40219.1
Project("{FAE04EC0-301F-11D3-BF4B-00C04F79EFBC}") = "AiSD_IO2_cw1", "AiSD_IO2_cw1.csproj", "{48BA49B7-A96A-401E-B208-41B3C8A0AF4E}"
EndProject
Global
	GlobalSection(SolutionConfigurationPlatforms) = preSolution
		Debug|Any CPU = Debug|Any CPU
		Release|Any CPU = Release|Any CPU
	EndGlobalSection
	GlobalSection(ProjectConfigurationPlatforms) = postSolution
		{48BA49B7-A96A-401E-B208-41B3C8A0AF4E}.Debug|Any CPU.ActiveCfg = Debug|Any CPU
		{48BA49B7-A96A-401E-B208-41B3C8A0AF4E}.Debug|Any CPU.Build.0 = Debug|Any CPU
		{48BA49B7-A96A-401E-B208-41B3C8A0AF4E}.Release|Any CPU.ActiveCfg = Release|Any CPU
		{48BA49B7-A96A-401E-B208-41B3C8A0AF4E}.Release|Any CPU.Build.0 = Release|Any CPU
	EndGlobalSection
	GlobalSection(SolutionProperties) = preSolution
		HideSolutionNode = FALSE
	EndGlobalSection
	GlobalSection(ExtensibilityGlobals) = postSolution
		SolutionGuid = {3ADB27B5-AA55-46B4-9754-86432289F9B0}
	EndGlobalSection
EndGlobal
